
Microsoft Visual Studio Solution File, Format Version 12.00
# Visual Studio Version 17
VisualStudioVersion = 17.5.33209.295
MinimumVisualStudioVersion = 10.0.40219.1
Project("{FAE04EC0-301F-11D3-BF4B-00C04F79EFBC}") = "Fusion", "Fusion\Fusion.csproj", "{C87D0580-0EFF-40B4-9815-A2D09E584F26}"
EndProject
Project("{FAE04EC0-301F-11D3-BF4B-00C04F79EFBC}") = "FusionCore", "FusionCore\FusionCore.csproj", "{97B55012-27D3-46DD-9D50-1D100A3BDA49}"
EndProject
Project("{FAE04EC0-301F-11D3-BF4B-00C04F79EFBC}") = "FusionPdv", "FusionPdv\FusionPdv.csproj", "{AC8F20D7-D035-4FEB-9838-C308A8E25361}"
	ProjectSection(ProjectDependencies) = postProject
		{6B665526-8C91-44AF-86DA-FEC879F0035A} = {6B665526-8C91-44AF-86DA-FEC879F0035A}
	EndProjectSection
EndProject
Project("{FAE04EC0-301F-11D3-BF4B-00C04F79EFBC}") = "FusionLibrary", "Library\FusionLibrary.csproj", "{964065F5-98C9-41E8-8DB2-0CAD6D227A1A}"
EndProject
Project("{FAE04EC0-301F-11D3-BF4B-00C04F79EFBC}") = "FusionPdvSincronizador", "PdvSincronizador\FusionPdvSincronizador.csproj", "{6B665526-8C91-44AF-86DA-FEC879F0035A}"
EndProject
Project("{2150E333-8FDC-42A3-9474-1A3956D46DE8}") = ".nuget", ".nuget", "{EE26D5E3-9E6B-4DDC-B02E-6757F7BF3DD3}"
	ProjectSection(SolutionItems) = preProject
		.nuget\NuGet.Config = .nuget\NuGet.Config
		.nuget\NuGet.exe = .nuget\NuGet.exe
		.nuget\NuGet.targets = .nuget\NuGet.targets
	EndProjectSection
EndProject
Project("{FAE04EC0-301F-11D3-BF4B-00C04F79EFBC}") = "FusionNfce", "FusionNfce\FusionNfce.csproj", "{5AB252DA-C8C0-4EEE-B65F-41B1093EC935}"
EndProject
Project("{FAE04EC0-301F-11D3-BF4B-00C04F79EFBC}") = "FusionNfceSincronizador", "FusionNfceSincronizador\FusionNfceSincronizador.csproj", "{397CE7BD-049A-43BD-B637-72B0689EEB08}"
EndProject
Project("{FAE04EC0-301F-11D3-BF4B-00C04F79EFBC}") = "FusionWPF", "FusionWPF\FusionWPF.csproj", "{18F7020D-BC95-4230-8EEF-90609F6FE0E7}"
EndProject
Project("{FAE04EC0-301F-11D3-BF4B-00C04F79EFBC}") = "FusionCore.DFe", "FusionCore.DFe\FusionCore.DFe.csproj", "{99B2F8CB-2C0E-41ED-8946-E0BAA0748DB3}"
EndProject
Project("{FAE04EC0-301F-11D3-BF4B-00C04F79EFBC}") = "Sped", "Sped\Sped.csproj", "{F9ED031C-A864-45DA-858D-6548F33EBEFF}"
EndProject
Project("{FAE04EC0-301F-11D3-BF4B-00C04F79EFBC}") = "Fusion.FastReport", "Fusion.FastReport\Fusion.FastReport.csproj", "{8564613C-FD06-4598-B9F7-9E83522C2EB8}"
EndProject
Project("{2150E333-8FDC-42A3-9474-1A3956D46DE8}") = "_devs", "_devs", "{A0A7B4C0-3D65-4388-A3EB-4A29C6F99075}"
EndProject
Project("{FAE04EC0-301F-11D3-BF4B-00C04F79EFBC}") = "Fusion.Conversor", "Fusion.Conversor\Fusion.Conversor.csproj", "{BA14C1D3-69AD-48B6-904C-5C36E9FFBA97}"
EndProject
Project("{FAE04EC0-301F-11D3-BF4B-00C04F79EFBC}") = "Fusion.Storage", "Fusion.Storage\Fusion.Storage.csproj", "{2AA34B8F-10F4-4715-8F13-3AE46DCA61C3}"
EndProject
Project("{FAE04EC0-301F-11D3-BF4B-00C04F79EFBC}") = "FusionNfce.Storage", "FusionNfce.Storage\FusionNfce.Storage.csproj", "{BC3C9946-F5C8-46B2-8427-0FCC9A693886}"
EndProject
Project("{FAE04EC0-301F-11D3-BF4B-00C04F79EFBC}") = "Fusion.ControladorServicos", "Fusion.ControladorServicos\Fusion.ControladorServicos.csproj", "{2824DF13-F49A-4AC3-AF2B-4ED0B23D301A}"
EndProject
Project("{FAE04EC0-301F-11D3-BF4B-00C04F79EFBC}") = "Dev.GerarClasseMigracao", "_devs\Dev.GerarClasseMigracao\Dev.GerarClasseMigracao.csproj", "{89AC4E0E-F428-4E8C-985B-E1E24690F45C}"
EndProject
Project("{FAE04EC0-301F-11D3-BF4B-00C04F79EFBC}") = "Dev.AppDemo", "_devs\Dev.AppDemo\Dev.AppDemo.csproj", "{3390C05A-D825-49A7-9F1A-3F82E9D638B3}"
EndProject
Project("{FAE04EC0-301F-11D3-BF4B-00C04F79EFBC}") = "UnitTest", "UnitTest\UnitTest.csproj", "{E0674AAC-FB1E-4A6F-97C9-6C083DE5E88C}"
EndProject
Project("{2150E333-8FDC-42A3-9474-1A3956D46DE8}") = "_teste", "_teste", "{802BFA4E-1EA3-4FFE-B6B1-6FAD76F11696}"
EndProject
Project("{FAE04EC0-301F-11D3-BF4B-00C04F79EFBC}") = "Fusion.WhiteLabel", "Fusion.WhiteLabel\Fusion.WhiteLabel.csproj", "{979D28B2-FDD0-4348-99B6-83FA6F4B163F}"
EndProject
Project("{FAE04EC0-301F-11D3-BF4B-00C04F79EFBC}") = "Fusion.Background.App", "Fusion.Background.App\Fusion.Background.App.csproj", "{4C088F44-B47E-4B76-89D8-753C117CF912}"
EndProject
Global
	GlobalSection(SolutionConfigurationPlatforms) = preSolution
		Debug|Any CPU = Debug|Any CPU
		Debug|x64 = Debug|x64
		Debug|x86 = Debug|x86
		Release|Any CPU = Release|Any CPU
		Release|x64 = Release|x64
		Release|x86 = Release|x86
	EndGlobalSection
	GlobalSection(ProjectConfigurationPlatforms) = postSolution
		{C87D0580-0EFF-40B4-9815-A2D09E584F26}.Debug|Any CPU.ActiveCfg = Debug|Any CPU
		{C87D0580-0EFF-40B4-9815-A2D09E584F26}.Debug|Any CPU.Build.0 = Debug|Any CPU
		{C87D0580-0EFF-40B4-9815-A2D09E584F26}.Debug|x64.ActiveCfg = Debug|x64
		{C87D0580-0EFF-40B4-9815-A2D09E584F26}.Debug|x64.Build.0 = Debug|x64
		{C87D0580-0EFF-40B4-9815-A2D09E584F26}.Debug|x86.ActiveCfg = Debug|x86
		{C87D0580-0EFF-40B4-9815-A2D09E584F26}.Debug|x86.Build.0 = Debug|x86
		{C87D0580-0EFF-40B4-9815-A2D09E584F26}.Release|Any CPU.ActiveCfg = Release|Any CPU
		{C87D0580-0EFF-40B4-9815-A2D09E584F26}.Release|Any CPU.Build.0 = Release|Any CPU
		{C87D0580-0EFF-40B4-9815-A2D09E584F26}.Release|x64.ActiveCfg = Release|x64
		{C87D0580-0EFF-40B4-9815-A2D09E584F26}.Release|x64.Build.0 = Release|x64
		{C87D0580-0EFF-40B4-9815-A2D09E584F26}.Release|x86.ActiveCfg = Release|x86
		{C87D0580-0EFF-40B4-9815-A2D09E584F26}.Release|x86.Build.0 = Release|x86
		{97B55012-27D3-46DD-9D50-1D100A3BDA49}.Debug|Any CPU.ActiveCfg = Debug|Any CPU
		{97B55012-27D3-46DD-9D50-1D100A3BDA49}.Debug|Any CPU.Build.0 = Debug|Any CPU
		{97B55012-27D3-46DD-9D50-1D100A3BDA49}.Debug|x64.ActiveCfg = Debug|x64
		{97B55012-27D3-46DD-9D50-1D100A3BDA49}.Debug|x64.Build.0 = Debug|x64
		{97B55012-27D3-46DD-9D50-1D100A3BDA49}.Debug|x86.ActiveCfg = Debug|x86
		{97B55012-27D3-46DD-9D50-1D100A3BDA49}.Debug|x86.Build.0 = Debug|x86
		{97B55012-27D3-46DD-9D50-1D100A3BDA49}.Release|Any CPU.ActiveCfg = Release|Any CPU
		{97B55012-27D3-46DD-9D50-1D100A3BDA49}.Release|Any CPU.Build.0 = Release|Any CPU
		{97B55012-27D3-46DD-9D50-1D100A3BDA49}.Release|x64.ActiveCfg = Release|x64
		{97B55012-27D3-46DD-9D50-1D100A3BDA49}.Release|x64.Build.0 = Release|x64
		{97B55012-27D3-46DD-9D50-1D100A3BDA49}.Release|x86.ActiveCfg = Release|x86
		{97B55012-27D3-46DD-9D50-1D100A3BDA49}.Release|x86.Build.0 = Release|x86
		{AC8F20D7-D035-4FEB-9838-C308A8E25361}.Debug|Any CPU.ActiveCfg = Debug|Any CPU
		{AC8F20D7-D035-4FEB-9838-C308A8E25361}.Debug|Any CPU.Build.0 = Debug|Any CPU
		{AC8F20D7-D035-4FEB-9838-C308A8E25361}.Debug|x64.ActiveCfg = Debug|x64
		{AC8F20D7-D035-4FEB-9838-C308A8E25361}.Debug|x64.Build.0 = Debug|x64
		{AC8F20D7-D035-4FEB-9838-C308A8E25361}.Debug|x86.ActiveCfg = Debug|x86
		{AC8F20D7-D035-4FEB-9838-C308A8E25361}.Debug|x86.Build.0 = Debug|x86
		{AC8F20D7-D035-4FEB-9838-C308A8E25361}.Release|Any CPU.ActiveCfg = Release|Any CPU
		{AC8F20D7-D035-4FEB-9838-C308A8E25361}.Release|Any CPU.Build.0 = Release|Any CPU
		{AC8F20D7-D035-4FEB-9838-C308A8E25361}.Release|x64.ActiveCfg = Release|x64
		{AC8F20D7-D035-4FEB-9838-C308A8E25361}.Release|x64.Build.0 = Release|x64
		{AC8F20D7-D035-4FEB-9838-C308A8E25361}.Release|x86.ActiveCfg = Release|x86
		{AC8F20D7-D035-4FEB-9838-C308A8E25361}.Release|x86.Build.0 = Release|x86
		{964065F5-98C9-41E8-8DB2-0CAD6D227A1A}.Debug|Any CPU.ActiveCfg = Debug|Any CPU
		{964065F5-98C9-41E8-8DB2-0CAD6D227A1A}.Debug|Any CPU.Build.0 = Debug|Any CPU
		{964065F5-98C9-41E8-8DB2-0CAD6D227A1A}.Debug|x64.ActiveCfg = Debug|x64
		{964065F5-98C9-41E8-8DB2-0CAD6D227A1A}.Debug|x64.Build.0 = Debug|x64
		{964065F5-98C9-41E8-8DB2-0CAD6D227A1A}.Debug|x86.ActiveCfg = Debug|x86
		{964065F5-98C9-41E8-8DB2-0CAD6D227A1A}.Debug|x86.Build.0 = Debug|x86
		{964065F5-98C9-41E8-8DB2-0CAD6D227A1A}.Release|Any CPU.ActiveCfg = Release|Any CPU
		{964065F5-98C9-41E8-8DB2-0CAD6D227A1A}.Release|Any CPU.Build.0 = Release|Any CPU
		{964065F5-98C9-41E8-8DB2-0CAD6D227A1A}.Release|x64.ActiveCfg = Release|x64
		{964065F5-98C9-41E8-8DB2-0CAD6D227A1A}.Release|x64.Build.0 = Release|x64
		{964065F5-98C9-41E8-8DB2-0CAD6D227A1A}.Release|x86.ActiveCfg = Release|x86
		{964065F5-98C9-41E8-8DB2-0CAD6D227A1A}.Release|x86.Build.0 = Release|x86
		{6B665526-8C91-44AF-86DA-FEC879F0035A}.Debug|Any CPU.ActiveCfg = Debug|Any CPU
		{6B665526-8C91-44AF-86DA-FEC879F0035A}.Debug|Any CPU.Build.0 = Debug|Any CPU
		{6B665526-8C91-44AF-86DA-FEC879F0035A}.Debug|x64.ActiveCfg = Debug|x64
		{6B665526-8C91-44AF-86DA-FEC879F0035A}.Debug|x64.Build.0 = Debug|x64
		{6B665526-8C91-44AF-86DA-FEC879F0035A}.Debug|x86.ActiveCfg = Debug|x86
		{6B665526-8C91-44AF-86DA-FEC879F0035A}.Debug|x86.Build.0 = Debug|x86
		{6B665526-8C91-44AF-86DA-FEC879F0035A}.Release|Any CPU.ActiveCfg = Release|Any CPU
		{6B665526-8C91-44AF-86DA-FEC879F0035A}.Release|Any CPU.Build.0 = Release|Any CPU
		{6B665526-8C91-44AF-86DA-FEC879F0035A}.Release|x64.ActiveCfg = Release|x64
		{6B665526-8C91-44AF-86DA-FEC879F0035A}.Release|x64.Build.0 = Release|x64
		{6B665526-8C91-44AF-86DA-FEC879F0035A}.Release|x86.ActiveCfg = Release|x86
		{6B665526-8C91-44AF-86DA-FEC879F0035A}.Release|x86.Build.0 = Release|x86
		{5AB252DA-C8C0-4EEE-B65F-41B1093EC935}.Debug|Any CPU.ActiveCfg = Debug|Any CPU
		{5AB252DA-C8C0-4EEE-B65F-41B1093EC935}.Debug|Any CPU.Build.0 = Debug|Any CPU
		{5AB252DA-C8C0-4EEE-B65F-41B1093EC935}.Debug|x64.ActiveCfg = Debug|x64
		{5AB252DA-C8C0-4EEE-B65F-41B1093EC935}.Debug|x64.Build.0 = Debug|x64
		{5AB252DA-C8C0-4EEE-B65F-41B1093EC935}.Debug|x86.ActiveCfg = Debug|x86
		{5AB252DA-C8C0-4EEE-B65F-41B1093EC935}.Debug|x86.Build.0 = Debug|x86
		{5AB252DA-C8C0-4EEE-B65F-41B1093EC935}.Release|Any CPU.ActiveCfg = Release|Any CPU
		{5AB252DA-C8C0-4EEE-B65F-41B1093EC935}.Release|Any CPU.Build.0 = Release|Any CPU
		{5AB252DA-C8C0-4EEE-B65F-41B1093EC935}.Release|x64.ActiveCfg = Release|x64
		{5AB252DA-C8C0-4EEE-B65F-41B1093EC935}.Release|x64.Build.0 = Release|x64
		{5AB252DA-C8C0-4EEE-B65F-41B1093EC935}.Release|x86.ActiveCfg = Release|x86
		{5AB252DA-C8C0-4EEE-B65F-41B1093EC935}.Release|x86.Build.0 = Release|x86
		{397CE7BD-049A-43BD-B637-72B0689EEB08}.Debug|Any CPU.ActiveCfg = Debug|Any CPU
		{397CE7BD-049A-43BD-B637-72B0689EEB08}.Debug|Any CPU.Build.0 = Debug|Any CPU
		{397CE7BD-049A-43BD-B637-72B0689EEB08}.Debug|x64.ActiveCfg = Debug|x64
		{397CE7BD-049A-43BD-B637-72B0689EEB08}.Debug|x64.Build.0 = Debug|x64
		{397CE7BD-049A-43BD-B637-72B0689EEB08}.Debug|x86.ActiveCfg = Debug|x86
		{397CE7BD-049A-43BD-B637-72B0689EEB08}.Debug|x86.Build.0 = Debug|x86
		{397CE7BD-049A-43BD-B637-72B0689EEB08}.Release|Any CPU.ActiveCfg = Release|Any CPU
		{397CE7BD-049A-43BD-B637-72B0689EEB08}.Release|Any CPU.Build.0 = Release|Any CPU
		{397CE7BD-049A-43BD-B637-72B0689EEB08}.Release|x64.ActiveCfg = Release|x64
		{397CE7BD-049A-43BD-B637-72B0689EEB08}.Release|x64.Build.0 = Release|x64
		{397CE7BD-049A-43BD-B637-72B0689EEB08}.Release|x86.ActiveCfg = Release|x86
		{397CE7BD-049A-43BD-B637-72B0689EEB08}.Release|x86.Build.0 = Release|x86
		{18F7020D-BC95-4230-8EEF-90609F6FE0E7}.Debug|Any CPU.ActiveCfg = Debug|Any CPU
		{18F7020D-BC95-4230-8EEF-90609F6FE0E7}.Debug|Any CPU.Build.0 = Debug|Any CPU
		{18F7020D-BC95-4230-8EEF-90609F6FE0E7}.Debug|x64.ActiveCfg = Debug|x64
		{18F7020D-BC95-4230-8EEF-90609F6FE0E7}.Debug|x64.Build.0 = Debug|x64
		{18F7020D-BC95-4230-8EEF-90609F6FE0E7}.Debug|x86.ActiveCfg = Debug|x86
		{18F7020D-BC95-4230-8EEF-90609F6FE0E7}.Debug|x86.Build.0 = Debug|x86
		{18F7020D-BC95-4230-8EEF-90609F6FE0E7}.Release|Any CPU.ActiveCfg = Release|Any CPU
		{18F7020D-BC95-4230-8EEF-90609F6FE0E7}.Release|Any CPU.Build.0 = Release|Any CPU
		{18F7020D-BC95-4230-8EEF-90609F6FE0E7}.Release|x64.ActiveCfg = Release|x64
		{18F7020D-BC95-4230-8EEF-90609F6FE0E7}.Release|x64.Build.0 = Release|x64
		{18F7020D-BC95-4230-8EEF-90609F6FE0E7}.Release|x86.ActiveCfg = Release|x86
		{18F7020D-BC95-4230-8EEF-90609F6FE0E7}.Release|x86.Build.0 = Release|x86
		{99B2F8CB-2C0E-41ED-8946-E0BAA0748DB3}.Debug|Any CPU.ActiveCfg = Debug|Any CPU
		{99B2F8CB-2C0E-41ED-8946-E0BAA0748DB3}.Debug|Any CPU.Build.0 = Debug|Any CPU
		{99B2F8CB-2C0E-41ED-8946-E0BAA0748DB3}.Debug|x64.ActiveCfg = Debug|x64
		{99B2F8CB-2C0E-41ED-8946-E0BAA0748DB3}.Debug|x64.Build.0 = Debug|x64
		{99B2F8CB-2C0E-41ED-8946-E0BAA0748DB3}.Debug|x86.ActiveCfg = Debug|x86
		{99B2F8CB-2C0E-41ED-8946-E0BAA0748DB3}.Debug|x86.Build.0 = Debug|x86
		{99B2F8CB-2C0E-41ED-8946-E0BAA0748DB3}.Release|Any CPU.ActiveCfg = Release|Any CPU
		{99B2F8CB-2C0E-41ED-8946-E0BAA0748DB3}.Release|Any CPU.Build.0 = Release|Any CPU
		{99B2F8CB-2C0E-41ED-8946-E0BAA0748DB3}.Release|x64.ActiveCfg = Release|x64
		{99B2F8CB-2C0E-41ED-8946-E0BAA0748DB3}.Release|x64.Build.0 = Release|x64
		{99B2F8CB-2C0E-41ED-8946-E0BAA0748DB3}.Release|x86.ActiveCfg = Release|x86
		{99B2F8CB-2C0E-41ED-8946-E0BAA0748DB3}.Release|x86.Build.0 = Release|x86
		{F9ED031C-A864-45DA-858D-6548F33EBEFF}.Debug|Any CPU.ActiveCfg = Debug|Any CPU
		{F9ED031C-A864-45DA-858D-6548F33EBEFF}.Debug|Any CPU.Build.0 = Debug|Any CPU
		{F9ED031C-A864-45DA-858D-6548F33EBEFF}.Debug|x64.ActiveCfg = Debug|x64
		{F9ED031C-A864-45DA-858D-6548F33EBEFF}.Debug|x64.Build.0 = Debug|x64
		{F9ED031C-A864-45DA-858D-6548F33EBEFF}.Debug|x86.ActiveCfg = Debug|x86
		{F9ED031C-A864-45DA-858D-6548F33EBEFF}.Debug|x86.Build.0 = Debug|x86
		{F9ED031C-A864-45DA-858D-6548F33EBEFF}.Release|Any CPU.ActiveCfg = Release|Any CPU
		{F9ED031C-A864-45DA-858D-6548F33EBEFF}.Release|Any CPU.Build.0 = Release|Any CPU
		{F9ED031C-A864-45DA-858D-6548F33EBEFF}.Release|x64.ActiveCfg = Release|x64
		{F9ED031C-A864-45DA-858D-6548F33EBEFF}.Release|x64.Build.0 = Release|x64
		{F9ED031C-A864-45DA-858D-6548F33EBEFF}.Release|x86.ActiveCfg = Release|x86
		{F9ED031C-A864-45DA-858D-6548F33EBEFF}.Release|x86.Build.0 = Release|x86
		{8564613C-FD06-4598-B9F7-9E83522C2EB8}.Debug|Any CPU.ActiveCfg = Debug|Any CPU
		{8564613C-FD06-4598-B9F7-9E83522C2EB8}.Debug|Any CPU.Build.0 = Debug|Any CPU
		{8564613C-FD06-4598-B9F7-9E83522C2EB8}.Debug|x64.ActiveCfg = Debug|x64
		{8564613C-FD06-4598-B9F7-9E83522C2EB8}.Debug|x64.Build.0 = Debug|x64
		{8564613C-FD06-4598-B9F7-9E83522C2EB8}.Debug|x86.ActiveCfg = Debug|x86
		{8564613C-FD06-4598-B9F7-9E83522C2EB8}.Debug|x86.Build.0 = Debug|x86
		{8564613C-FD06-4598-B9F7-9E83522C2EB8}.Release|Any CPU.ActiveCfg = Release|Any CPU
		{8564613C-FD06-4598-B9F7-9E83522C2EB8}.Release|Any CPU.Build.0 = Release|Any CPU
		{8564613C-FD06-4598-B9F7-9E83522C2EB8}.Release|x64.ActiveCfg = Release|x64
		{8564613C-FD06-4598-B9F7-9E83522C2EB8}.Release|x64.Build.0 = Release|x64
		{8564613C-FD06-4598-B9F7-9E83522C2EB8}.Release|x86.ActiveCfg = Release|x86
		{8564613C-FD06-4598-B9F7-9E83522C2EB8}.Release|x86.Build.0 = Release|x86
		{BA14C1D3-69AD-48B6-904C-5C36E9FFBA97}.Debug|Any CPU.ActiveCfg = Debug|Any CPU
		{BA14C1D3-69AD-48B6-904C-5C36E9FFBA97}.Debug|Any CPU.Build.0 = Debug|Any CPU
		{BA14C1D3-69AD-48B6-904C-5C36E9FFBA97}.Debug|x64.ActiveCfg = Debug|x64
		{BA14C1D3-69AD-48B6-904C-5C36E9FFBA97}.Debug|x64.Build.0 = Debug|x64
		{BA14C1D3-69AD-48B6-904C-5C36E9FFBA97}.Debug|x86.ActiveCfg = Debug|x86
		{BA14C1D3-69AD-48B6-904C-5C36E9FFBA97}.Debug|x86.Build.0 = Debug|x86
		{BA14C1D3-69AD-48B6-904C-5C36E9FFBA97}.Release|Any CPU.ActiveCfg = Release|Any CPU
		{BA14C1D3-69AD-48B6-904C-5C36E9FFBA97}.Release|Any CPU.Build.0 = Release|Any CPU
		{BA14C1D3-69AD-48B6-904C-5C36E9FFBA97}.Release|x64.ActiveCfg = Release|x64
		{BA14C1D3-69AD-48B6-904C-5C36E9FFBA97}.Release|x64.Build.0 = Release|x64
		{BA14C1D3-69AD-48B6-904C-5C36E9FFBA97}.Release|x86.ActiveCfg = Release|x86
		{BA14C1D3-69AD-48B6-904C-5C36E9FFBA97}.Release|x86.Build.0 = Release|x86
		{2AA34B8F-10F4-4715-8F13-3AE46DCA61C3}.Debug|Any CPU.ActiveCfg = Debug|Any CPU
		{2AA34B8F-10F4-4715-8F13-3AE46DCA61C3}.Debug|Any CPU.Build.0 = Debug|Any CPU
		{2AA34B8F-10F4-4715-8F13-3AE46DCA61C3}.Debug|x64.ActiveCfg = Debug|x64
		{2AA34B8F-10F4-4715-8F13-3AE46DCA61C3}.Debug|x64.Build.0 = Debug|x64
		{2AA34B8F-10F4-4715-8F13-3AE46DCA61C3}.Debug|x86.ActiveCfg = Debug|x86
		{2AA34B8F-10F4-4715-8F13-3AE46DCA61C3}.Debug|x86.Build.0 = Debug|x86
		{2AA34B8F-10F4-4715-8F13-3AE46DCA61C3}.Release|Any CPU.ActiveCfg = Release|Any CPU
		{2AA34B8F-10F4-4715-8F13-3AE46DCA61C3}.Release|Any CPU.Build.0 = Release|Any CPU
		{2AA34B8F-10F4-4715-8F13-3AE46DCA61C3}.Release|x64.ActiveCfg = Release|x64
		{2AA34B8F-10F4-4715-8F13-3AE46DCA61C3}.Release|x64.Build.0 = Release|x64
		{2AA34B8F-10F4-4715-8F13-3AE46DCA61C3}.Release|x86.ActiveCfg = Release|x86
		{2AA34B8F-10F4-4715-8F13-3AE46DCA61C3}.Release|x86.Build.0 = Release|x86
		{BC3C9946-F5C8-46B2-8427-0FCC9A693886}.Debug|Any CPU.ActiveCfg = Debug|Any CPU
		{BC3C9946-F5C8-46B2-8427-0FCC9A693886}.Debug|Any CPU.Build.0 = Debug|Any CPU
		{BC3C9946-F5C8-46B2-8427-0FCC9A693886}.Debug|x64.ActiveCfg = Debug|x64
		{BC3C9946-F5C8-46B2-8427-0FCC9A693886}.Debug|x64.Build.0 = Debug|x64
		{BC3C9946-F5C8-46B2-8427-0FCC9A693886}.Debug|x86.ActiveCfg = Debug|x86
		{BC3C9946-F5C8-46B2-8427-0FCC9A693886}.Debug|x86.Build.0 = Debug|x86
		{BC3C9946-F5C8-46B2-8427-0FCC9A693886}.Release|Any CPU.ActiveCfg = Release|Any CPU
		{BC3C9946-F5C8-46B2-8427-0FCC9A693886}.Release|Any CPU.Build.0 = Release|Any CPU
		{BC3C9946-F5C8-46B2-8427-0FCC9A693886}.Release|x64.ActiveCfg = Release|x64
		{BC3C9946-F5C8-46B2-8427-0FCC9A693886}.Release|x64.Build.0 = Release|x64
		{BC3C9946-F5C8-46B2-8427-0FCC9A693886}.Release|x86.ActiveCfg = Release|x86
		{BC3C9946-F5C8-46B2-8427-0FCC9A693886}.Release|x86.Build.0 = Release|x86
		{2824DF13-F49A-4AC3-AF2B-4ED0B23D301A}.Debug|Any CPU.ActiveCfg = Debug|Any CPU
		{2824DF13-F49A-4AC3-AF2B-4ED0B23D301A}.Debug|Any CPU.Build.0 = Debug|Any CPU
		{2824DF13-F49A-4AC3-AF2B-4ED0B23D301A}.Debug|x64.ActiveCfg = Debug|x64
		{2824DF13-F49A-4AC3-AF2B-4ED0B23D301A}.Debug|x64.Build.0 = Debug|x64
		{2824DF13-F49A-4AC3-AF2B-4ED0B23D301A}.Debug|x86.ActiveCfg = Debug|x86
		{2824DF13-F49A-4AC3-AF2B-4ED0B23D301A}.Debug|x86.Build.0 = Debug|x86
		{2824DF13-F49A-4AC3-AF2B-4ED0B23D301A}.Release|Any CPU.ActiveCfg = Release|Any CPU
		{2824DF13-F49A-4AC3-AF2B-4ED0B23D301A}.Release|Any CPU.Build.0 = Release|Any CPU
		{2824DF13-F49A-4AC3-AF2B-4ED0B23D301A}.Release|x64.ActiveCfg = Release|x64
		{2824DF13-F49A-4AC3-AF2B-4ED0B23D301A}.Release|x64.Build.0 = Release|x64
		{2824DF13-F49A-4AC3-AF2B-4ED0B23D301A}.Release|x86.ActiveCfg = Release|x86
		{2824DF13-F49A-4AC3-AF2B-4ED0B23D301A}.Release|x86.Build.0 = Release|x86
		{89AC4E0E-F428-4E8C-985B-E1E24690F45C}.Debug|Any CPU.ActiveCfg = Debug|Any CPU
		{89AC4E0E-F428-4E8C-985B-E1E24690F45C}.Debug|Any CPU.Build.0 = Debug|Any CPU
		{89AC4E0E-F428-4E8C-985B-E1E24690F45C}.Debug|x64.ActiveCfg = Debug|Any CPU
		{89AC4E0E-F428-4E8C-985B-E1E24690F45C}.Debug|x64.Build.0 = Debug|Any CPU
		{89AC4E0E-F428-4E8C-985B-E1E24690F45C}.Debug|x86.ActiveCfg = Debug|Any CPU
		{89AC4E0E-F428-4E8C-985B-E1E24690F45C}.Debug|x86.Build.0 = Debug|Any CPU
		{89AC4E0E-F428-4E8C-985B-E1E24690F45C}.Release|Any CPU.ActiveCfg = Release|Any CPU
		{89AC4E0E-F428-4E8C-985B-E1E24690F45C}.Release|Any CPU.Build.0 = Release|Any CPU
		{89AC4E0E-F428-4E8C-985B-E1E24690F45C}.Release|x64.ActiveCfg = Release|x64
		{89AC4E0E-F428-4E8C-985B-E1E24690F45C}.Release|x64.Build.0 = Release|x64
		{89AC4E0E-F428-4E8C-985B-E1E24690F45C}.Release|x86.ActiveCfg = Release|Any CPU
		{89AC4E0E-F428-4E8C-985B-E1E24690F45C}.Release|x86.Build.0 = Release|Any CPU
		{3390C05A-D825-49A7-9F1A-3F82E9D638B3}.Debug|Any CPU.ActiveCfg = Debug|Any CPU
		{3390C05A-D825-49A7-9F1A-3F82E9D638B3}.Debug|Any CPU.Build.0 = Debug|Any CPU
		{3390C05A-D825-49A7-9F1A-3F82E9D638B3}.Debug|x64.ActiveCfg = Debug|Any CPU
		{3390C05A-D825-49A7-9F1A-3F82E9D638B3}.Debug|x64.Build.0 = Debug|Any CPU
		{3390C05A-D825-49A7-9F1A-3F82E9D638B3}.Debug|x86.ActiveCfg = Debug|Any CPU
		{3390C05A-D825-49A7-9F1A-3F82E9D638B3}.Debug|x86.Build.0 = Debug|Any CPU
		{3390C05A-D825-49A7-9F1A-3F82E9D638B3}.Release|Any CPU.ActiveCfg = Release|Any CPU
		{3390C05A-D825-49A7-9F1A-3F82E9D638B3}.Release|Any CPU.Build.0 = Release|Any CPU
		{3390C05A-D825-49A7-9F1A-3F82E9D638B3}.Release|x64.ActiveCfg = Release|x64
		{3390C05A-D825-49A7-9F1A-3F82E9D638B3}.Release|x64.Build.0 = Release|x64
		{3390C05A-D825-49A7-9F1A-3F82E9D638B3}.Release|x86.ActiveCfg = Release|Any CPU
		{3390C05A-D825-49A7-9F1A-3F82E9D638B3}.Release|x86.Build.0 = Release|Any CPU
		{E0674AAC-FB1E-4A6F-97C9-6C083DE5E88C}.Debug|Any CPU.ActiveCfg = Debug|Any CPU
		{E0674AAC-FB1E-4A6F-97C9-6C083DE5E88C}.Debug|Any CPU.Build.0 = Debug|Any CPU
		{E0674AAC-FB1E-4A6F-97C9-6C083DE5E88C}.Debug|x64.ActiveCfg = Debug|Any CPU
		{E0674AAC-FB1E-4A6F-97C9-6C083DE5E88C}.Debug|x64.Build.0 = Debug|Any CPU
		{E0674AAC-FB1E-4A6F-97C9-6C083DE5E88C}.Debug|x86.ActiveCfg = Debug|Any CPU
		{E0674AAC-FB1E-4A6F-97C9-6C083DE5E88C}.Debug|x86.Build.0 = Debug|Any CPU
		{E0674AAC-FB1E-4A6F-97C9-6C083DE5E88C}.Release|Any CPU.ActiveCfg = Release|Any CPU
		{E0674AAC-FB1E-4A6F-97C9-6C083DE5E88C}.Release|Any CPU.Build.0 = Release|Any CPU
		{E0674AAC-FB1E-4A6F-97C9-6C083DE5E88C}.Release|x64.ActiveCfg = Release|x64
		{E0674AAC-FB1E-4A6F-97C9-6C083DE5E88C}.Release|x64.Build.0 = Release|x64
		{E0674AAC-FB1E-4A6F-97C9-6C083DE5E88C}.Release|x86.ActiveCfg = Release|Any CPU
		{E0674AAC-FB1E-4A6F-97C9-6C083DE5E88C}.Release|x86.Build.0 = Release|Any CPU
		{979D28B2-FDD0-4348-99B6-83FA6F4B163F}.Debug|Any CPU.ActiveCfg = Debug|Any CPU
		{979D28B2-FDD0-4348-99B6-83FA6F4B163F}.Debug|Any CPU.Build.0 = Debug|Any CPU
		{979D28B2-FDD0-4348-99B6-83FA6F4B163F}.Debug|x64.ActiveCfg = Debug|Any CPU
		{979D28B2-FDD0-4348-99B6-83FA6F4B163F}.Debug|x64.Build.0 = Debug|Any CPU
		{979D28B2-FDD0-4348-99B6-83FA6F4B163F}.Debug|x86.ActiveCfg = Debug|Any CPU
		{979D28B2-FDD0-4348-99B6-83FA6F4B163F}.Debug|x86.Build.0 = Debug|Any CPU
		{979D28B2-FDD0-4348-99B6-83FA6F4B163F}.Release|Any CPU.ActiveCfg = Release|Any CPU
		{979D28B2-FDD0-4348-99B6-83FA6F4B163F}.Release|Any CPU.Build.0 = Release|Any CPU
		{979D28B2-FDD0-4348-99B6-83FA6F4B163F}.Release|x64.ActiveCfg = Release|x64
		{979D28B2-FDD0-4348-99B6-83FA6F4B163F}.Release|x64.Build.0 = Release|x64
		{979D28B2-FDD0-4348-99B6-83FA6F4B163F}.Release|x86.ActiveCfg = Release|Any CPU
		{979D28B2-FDD0-4348-99B6-83FA6F4B163F}.Release|x86.Build.0 = Release|Any CPU
		{4C088F44-B47E-4B76-89D8-753C117CF912}.Debug|Any CPU.ActiveCfg = Debug|Any CPU
		{4C088F44-B47E-4B76-89D8-753C117CF912}.Debug|Any CPU.Build.0 = Debug|Any CPU
		{4C088F44-B47E-4B76-89D8-753C117CF912}.Debug|x64.ActiveCfg = Debug|Any CPU
		{4C088F44-B47E-4B76-89D8-753C117CF912}.Debug|x64.Build.0 = Debug|Any CPU
		{4C088F44-B47E-4B76-89D8-753C117CF912}.Debug|x86.ActiveCfg = Debug|Any CPU
		{4C088F44-B47E-4B76-89D8-753C117CF912}.Debug|x86.Build.0 = Debug|Any CPU
		{4C088F44-B47E-4B76-89D8-753C117CF912}.Release|Any CPU.ActiveCfg = Release|Any CPU
		{4C088F44-B47E-4B76-89D8-753C117CF912}.Release|Any CPU.Build.0 = Release|Any CPU
		{4C088F44-B47E-4B76-89D8-753C117CF912}.Release|x64.ActiveCfg = Release|Any CPU
		{4C088F44-B47E-4B76-89D8-753C117CF912}.Release|x64.Build.0 = Release|Any CPU
		{4C088F44-B47E-4B76-89D8-753C117CF912}.Release|x86.ActiveCfg = Release|Any CPU
		{4C088F44-B47E-4B76-89D8-753C117CF912}.Release|x86.Build.0 = Release|Any CPU
	EndGlobalSection
	GlobalSection(SolutionProperties) = preSolution
		HideSolutionNode = FALSE
	EndGlobalSection
	GlobalSection(NestedProjects) = preSolution
		{89AC4E0E-F428-4E8C-985B-E1E24690F45C} = {A0A7B4C0-3D65-4388-A3EB-4A29C6F99075}
		{3390C05A-D825-49A7-9F1A-3F82E9D638B3} = {A0A7B4C0-3D65-4388-A3EB-4A29C6F99075}
		{E0674AAC-FB1E-4A6F-97C9-6C083DE5E88C} = {802BFA4E-1EA3-4FFE-B6B1-6FAD76F11696}
	EndGlobalSection
	GlobalSection(ExtensibilityGlobals) = postSolution
		SolutionGuid = {BB07DBEF-CA84-48BF-B905-6569C1EE00F3}
	EndGlobalSection
EndGlobal
